
Microsoft Visual Studio Solution File, Format Version 12.00
# Visual Studio Version 17
VisualStudioVersion = 17.13.35825.156 d17.13
MinimumVisualStudioVersion = 10.0.40219.1
Project("{FAE04EC0-301F-11D3-BF4B-00C04F79EFBC}") = "TO-DO LIST", "TO-DO LIST\TO-DO LIST.csproj", "{D311ECE2-A543-4359-BF49-D2D2631F039B}"
EndProject
Global
	GlobalSection(SolutionConfigurationPlatforms) = preSolution
		Debug|Any CPU = Debug|Any CPU
		Release|Any CPU = Release|Any CPU
	EndGlobalSection
	GlobalSection(ProjectConfigurationPlatforms) = postSolution
		{D311ECE2-A543-4359-BF49-D2D2631F039B}.Debug|Any CPU.ActiveCfg = Debug|Any CPU
		{D311ECE2-A543-4359-BF49-D2D2631F039B}.Debug|Any CPU.Build.0 = Debug|Any CPU
		{D311ECE2-A543-4359-BF49-D2D2631F039B}.Release|Any CPU.ActiveCfg = Release|Any CPU
		{D311ECE2-A543-4359-BF49-D2D2631F039B}.Release|Any CPU.Build.0 = Release|Any CPU
	EndGlobalSection
	GlobalSection(SolutionProperties) = preSolution
		HideSolutionNode = FALSE
	EndGlobalSection
	GlobalSection(ExtensibilityGlobals) = postSolution
		SolutionGuid = {AE28D8BB-AF13-4D00-A6EE-10D32617579C}
	EndGlobalSection
EndGlobal
